
Microsoft Visual Studio Solution File, Format Version 12.00
# Visual Studio Version 17
VisualStudioVersion = 17.2.32516.85
MinimumVisualStudioVersion = 10.0.40219.1
Project("{FAE04EC0-301F-11D3-BF4B-00C04F79EFBC}") = "promedio notas", "promedio notas\promedio notas.csproj", "{524AE54D-211C-459E-B07B-5D3716354016}"
EndProject
Global
	GlobalSection(SolutionConfigurationPlatforms) = preSolution
		Debug|Any CPU = Debug|Any CPU
		Release|Any CPU = Release|Any CPU
	EndGlobalSection
	GlobalSection(ProjectConfigurationPlatforms) = postSolution
		{524AE54D-211C-459E-B07B-5D3716354016}.Debug|Any CPU.ActiveCfg = Debug|Any CPU
		{524AE54D-211C-459E-B07B-5D3716354016}.Debug|Any CPU.Build.0 = Debug|Any CPU
		{524AE54D-211C-459E-B07B-5D3716354016}.Release|Any CPU.ActiveCfg = Release|Any CPU
		{524AE54D-211C-459E-B07B-5D3716354016}.Release|Any CPU.Build.0 = Release|Any CPU
	EndGlobalSection
	GlobalSection(SolutionProperties) = preSolution
		HideSolutionNode = FALSE
	EndGlobalSection
	GlobalSection(ExtensibilityGlobals) = postSolution
		SolutionGuid = {FCC6D73D-1F56-4C0F-B00F-1E8F34CAAB90}
	EndGlobalSection
EndGlobal
