
Microsoft Visual Studio Solution File, Format Version 12.00
# Visual Studio Version 17
VisualStudioVersion = 17.2.32516.85
MinimumVisualStudioVersion = 10.0.40219.1
Project("{FAE04EC0-301F-11D3-BF4B-00C04F79EFBC}") = "calcular pago empleado", "calcular pago empleado\calcular pago empleado.csproj", "{4232F5B1-C830-423A-9DBD-69E82FC99A8C}"
EndProject
Global
	GlobalSection(SolutionConfigurationPlatforms) = preSolution
		Debug|Any CPU = Debug|Any CPU
		Release|Any CPU = Release|Any CPU
	EndGlobalSection
	GlobalSection(ProjectConfigurationPlatforms) = postSolution
		{4232F5B1-C830-423A-9DBD-69E82FC99A8C}.Debug|Any CPU.ActiveCfg = Debug|Any CPU
		{4232F5B1-C830-423A-9DBD-69E82FC99A8C}.Debug|Any CPU.Build.0 = Debug|Any CPU
		{4232F5B1-C830-423A-9DBD-69E82FC99A8C}.Release|Any CPU.ActiveCfg = Release|Any CPU
		{4232F5B1-C830-423A-9DBD-69E82FC99A8C}.Release|Any CPU.Build.0 = Release|Any CPU
	EndGlobalSection
	GlobalSection(SolutionProperties) = preSolution
		HideSolutionNode = FALSE
	EndGlobalSection
	GlobalSection(ExtensibilityGlobals) = postSolution
		SolutionGuid = {0766352D-C251-425A-8A31-1428C0AF9E80}
	EndGlobalSection
EndGlobal
